
Microsoft Visual Studio Solution File, Format Version 12.00
# Visual Studio Version 17
VisualStudioVersion = 17.0.31903.59
MinimumVisualStudioVersion = 10.0.40219.1
Project("{FAE04EC0-301F-11D3-BF4B-00C04F79EFBC}") = "Lesson1.HelloWorld", "Lesson1.HelloWorld\Lesson1.HelloWorld.csproj", "{83C80E7A-D756-4C76-82CB-225139E82F26}"
EndProject
Global
	GlobalSection(SolutionConfigurationPlatforms) = preSolution
		Debug|Any CPU = Debug|Any CPU
		Release|Any CPU = Release|Any CPU
	EndGlobalSection
	GlobalSection(ProjectConfigurationPlatforms) = postSolution
		{83C80E7A-D756-4C76-82CB-225139E82F26}.Debug|Any CPU.ActiveCfg = Debug|Any CPU
		{83C80E7A-D756-4C76-82CB-225139E82F26}.Debug|Any CPU.Build.0 = Debug|Any CPU
		{83C80E7A-D756-4C76-82CB-225139E82F26}.Release|Any CPU.ActiveCfg = Release|Any CPU
		{83C80E7A-D756-4C76-82CB-225139E82F26}.Release|Any CPU.Build.0 = Release|Any CPU
	EndGlobalSection
	GlobalSection(SolutionProperties) = preSolution
		HideSolutionNode = FALSE
	EndGlobalSection
	GlobalSection(ExtensibilityGlobals) = postSolution
		SolutionGuid = {178C7B0B-E34B-4A5D-98F0-E9145D2A83F4}
	EndGlobalSection
EndGlobal
